// !$*UTF8*$!
{
	archiveVersion = 1;
	classes = {
	};
	objectVersion = 56;
	objects = {

/* Begin PBXBuildFile section */
		0420A38E2A8A96F6002C6B0B /* AlertViewController+.swift in Sources */ = {isa = PBXBuildFile; fileRef = 0420A38D2A8A96F6002C6B0B /* AlertViewController+.swift */; };
		0437BF142A73134D00C67DF6 /* CategoryCell.swift in Sources */ = {isa = PBXBuildFile; fileRef = 0437BF132A73134D00C67DF6 /* CategoryCell.swift */; };
		044FA3CF2A852ADA009B941D /* ViewController+.swift in Sources */ = {isa = PBXBuildFile; fileRef = 044FA3CE2A852ADA009B941D /* ViewController+.swift */; };
		046D88EA2A82AE6D00829062 /* CategoryViewController.swift in Sources */ = {isa = PBXBuildFile; fileRef = 0484B53F2A59C92E00CDCA41 /* CategoryViewController.swift */; };
		047655622A670C840095EA70 /* TodoListViewController.swift in Sources */ = {isa = PBXBuildFile; fileRef = 047655612A670C840095EA70 /* TodoListViewController.swift */; };
		0484B53C2A59C92E00CDCA41 /* AppDelegate.swift in Sources */ = {isa = PBXBuildFile; fileRef = 0484B53B2A59C92E00CDCA41 /* AppDelegate.swift */; };
		0484B5452A59C93200CDCA41 /* Assets.xcassets in Resources */ = {isa = PBXBuildFile; fileRef = 0484B5442A59C93200CDCA41 /* Assets.xcassets */; };
		0484B5482A59C93200CDCA41 /* LaunchScreen.storyboard in Resources */ = {isa = PBXBuildFile; fileRef = 0484B5462A59C93200CDCA41 /* LaunchScreen.storyboard */; };
		048F07CC2A7ECCF400893616 /* TodoListCell.swift in Sources */ = {isa = PBXBuildFile; fileRef = 048F07CB2A7ECCF400893616 /* TodoListCell.swift */; };
		049D42A22A770F6000DEC1F5 /* DataModel.xcdatamodeld in Sources */ = {isa = PBXBuildFile; fileRef = 049D42A02A770F6000DEC1F5 /* DataModel.xcdatamodeld */; };
		A058D0656AE615AE02B5D6B3 /* Pods_Todoey.framework in Frameworks */ = {isa = PBXBuildFile; fileRef = 3659675A2E081EF6BB99BDE2 /* Pods_Todoey.framework */; };
/* End PBXBuildFile section */

/* Begin PBXFileReference section */
		0420A38D2A8A96F6002C6B0B /* AlertViewController+.swift */ = {isa = PBXFileReference; lastKnownFileType = sourcecode.swift; path = "AlertViewController+.swift"; sourceTree = "<group>"; };
		0437BF132A73134D00C67DF6 /* CategoryCell.swift */ = {isa = PBXFileReference; lastKnownFileType = sourcecode.swift; path = CategoryCell.swift; sourceTree = "<group>"; };
		044FA3CE2A852ADA009B941D /* ViewController+.swift */ = {isa = PBXFileReference; lastKnownFileType = sourcecode.swift; path = "ViewController+.swift"; sourceTree = "<group>"; };
		047655612A670C840095EA70 /* TodoListViewController.swift */ = {isa = PBXFileReference; lastKnownFileType = sourcecode.swift; path = TodoListViewController.swift; sourceTree = "<group>"; };
		0484B5382A59C92E00CDCA41 /* Todoey.app */ = {isa = PBXFileReference; explicitFileType = wrapper.application; includeInIndex = 0; path = Todoey.app; sourceTree = BUILT_PRODUCTS_DIR; };
		0484B53B2A59C92E00CDCA41 /* AppDelegate.swift */ = {isa = PBXFileReference; lastKnownFileType = sourcecode.swift; path = AppDelegate.swift; sourceTree = "<group>"; };
		0484B53F2A59C92E00CDCA41 /* CategoryViewController.swift */ = {isa = PBXFileReference; lastKnownFileType = sourcecode.swift; path = CategoryViewController.swift; sourceTree = "<group>"; };
		0484B5442A59C93200CDCA41 /* Assets.xcassets */ = {isa = PBXFileReference; lastKnownFileType = folder.assetcatalog; path = Assets.xcassets; sourceTree = "<group>"; };
		0484B5472A59C93200CDCA41 /* Base */ = {isa = PBXFileReference; lastKnownFileType = file.storyboard; name = Base; path = Base.lproj/LaunchScreen.storyboard; sourceTree = "<group>"; };
		0484B5492A59C93200CDCA41 /* Info.plist */ = {isa = PBXFileReference; lastKnownFileType = text.plist.xml; path = Info.plist; sourceTree = "<group>"; };
		048F07CB2A7ECCF400893616 /* TodoListCell.swift */ = {isa = PBXFileReference; lastKnownFileType = sourcecode.swift; path = TodoListCell.swift; sourceTree = "<group>"; };
		049D42A12A770F6000DEC1F5 /* DataModel.xcdatamodel */ = {isa = PBXFileReference; lastKnownFileType = wrapper.xcdatamodel; path = DataModel.xcdatamodel; sourceTree = "<group>"; };
		1B7E4B8773A7A143628341AD /* Pods-Todoey.debug.xcconfig */ = {isa = PBXFileReference; includeInIndex = 1; lastKnownFileType = text.xcconfig; name = "Pods-Todoey.debug.xcconfig"; path = "Target Support Files/Pods-Todoey/Pods-Todoey.debug.xcconfig"; sourceTree = "<group>"; };
		3659675A2E081EF6BB99BDE2 /* Pods_Todoey.framework */ = {isa = PBXFileReference; explicitFileType = wrapper.framework; includeInIndex = 0; path = Pods_Todoey.framework; sourceTree = BUILT_PRODUCTS_DIR; };
		84AEAA5A11C14EBED22420CE /* Pods-Todoey.release.xcconfig */ = {isa = PBXFileReference; includeInIndex = 1; lastKnownFileType = text.xcconfig; name = "Pods-Todoey.release.xcconfig"; path = "Target Support Files/Pods-Todoey/Pods-Todoey.release.xcconfig"; sourceTree = "<group>"; };
/* End PBXFileReference section */

/* Begin PBXFrameworksBuildPhase section */
		0484B5352A59C92E00CDCA41 /* Frameworks */ = {
			isa = PBXFrameworksBuildPhase;
			buildActionMask = 2147483647;
			files = (
				A058D0656AE615AE02B5D6B3 /* Pods_Todoey.framework in Frameworks */,
			);
			runOnlyForDeploymentPostprocessing = 0;
		};
/* End PBXFrameworksBuildPhase section */

/* Begin PBXGroup section */
		041786262A75A624005DD447 /* DataModel */ = {
			isa = PBXGroup;
			children = (
				049D42A02A770F6000DEC1F5 /* DataModel.xcdatamodeld */,
			);
			path = DataModel;
			sourceTree = "<group>";
		};
		041786272A75A630005DD447 /* Controllers */ = {
			isa = PBXGroup;
			children = (
				0484B53F2A59C92E00CDCA41 /* CategoryViewController.swift */,
				0437BF132A73134D00C67DF6 /* CategoryCell.swift */,
				047655612A670C840095EA70 /* TodoListViewController.swift */,
				048F07CB2A7ECCF400893616 /* TodoListCell.swift */,
			);
			path = Controllers;
			sourceTree = "<group>";
		};
		041786282A75A63C005DD447 /* Supporting Files */ = {
			isa = PBXGroup;
			children = (
				0484B5442A59C93200CDCA41 /* Assets.xcassets */,
				0484B5462A59C93200CDCA41 /* LaunchScreen.storyboard */,
			);
			path = "Supporting Files";
			sourceTree = "<group>";
		};
		044FA3D02A852E82009B941D /* Extensions */ = {
			isa = PBXGroup;
			children = (
				044FA3CE2A852ADA009B941D /* ViewController+.swift */,
				0420A38D2A8A96F6002C6B0B /* AlertViewController+.swift */,
			);
			path = Extensions;
			sourceTree = "<group>";
		};
		0484B52F2A59C92D00CDCA41 = {
			isa = PBXGroup;
			children = (
				0484B53A2A59C92E00CDCA41 /* Todoey */,
				0484B5392A59C92E00CDCA41 /* Products */,
				F0BD10B386996EA551A03289 /* Pods */,
				96C66C143FAA511D9CE88E35 /* Frameworks */,
			);
			sourceTree = "<group>";
		};
		0484B5392A59C92E00CDCA41 /* Products */ = {
			isa = PBXGroup;
			children = (
				0484B5382A59C92E00CDCA41 /* Todoey.app */,
			);
			name = Products;
			sourceTree = "<group>";
		};
		0484B53A2A59C92E00CDCA41 /* Todoey */ = {
			isa = PBXGroup;
			children = (
				0484B53B2A59C92E00CDCA41 /* AppDelegate.swift */,
				041786272A75A630005DD447 /* Controllers */,
				041786262A75A624005DD447 /* DataModel */,
				044FA3D02A852E82009B941D /* Extensions */,
				041786282A75A63C005DD447 /* Supporting Files */,
				0484B5492A59C93200CDCA41 /* Info.plist */,
			);
			path = Todoey;
			sourceTree = "<group>";
		};
		96C66C143FAA511D9CE88E35 /* Frameworks */ = {
			isa = PBXGroup;
			children = (
				3659675A2E081EF6BB99BDE2 /* Pods_Todoey.framework */,
			);
			name = Frameworks;
			sourceTree = "<group>";
		};
		F0BD10B386996EA551A03289 /* Pods */ = {
			isa = PBXGroup;
			children = (
				1B7E4B8773A7A143628341AD /* Pods-Todoey.debug.xcconfig */,
				84AEAA5A11C14EBED22420CE /* Pods-Todoey.release.xcconfig */,
			);
			path = Pods;
			sourceTree = "<group>";
		};
/* End PBXGroup section */

/* Begin PBXNativeTarget section */
		0484B5372A59C92E00CDCA41 /* Todoey */ = {
			isa = PBXNativeTarget;
			buildConfigurationList = 0484B54C2A59C93200CDCA41 /* Build configuration list for PBXNativeTarget "Todoey" */;
			buildPhases = (
				BBD0115706054166E8841F53 /* [CP] Check Pods Manifest.lock */,
				0484B5342A59C92E00CDCA41 /* Sources */,
				0484B5352A59C92E00CDCA41 /* Frameworks */,
				0484B5362A59C92E00CDCA41 /* Resources */,
				A1C22E7DADAF57A337529917 /* [CP] Embed Pods Frameworks */,
			);
			buildRules = (
			);
			dependencies = (
			);
			name = Todoey;
			productName = Todoey;
			productReference = 0484B5382A59C92E00CDCA41 /* Todoey.app */;
			productType = "com.apple.product-type.application";
		};
/* End PBXNativeTarget section */

/* Begin PBXProject section */
		0484B5302A59C92D00CDCA41 /* Project object */ = {
			isa = PBXProject;
			attributes = {
				BuildIndependentTargetsInParallel = 1;
				LastSwiftUpdateCheck = 1430;
				LastUpgradeCheck = 1430;
				TargetAttributes = {
					0484B5372A59C92E00CDCA41 = {
						CreatedOnToolsVersion = 14.3;
					};
				};
			};
			buildConfigurationList = 0484B5332A59C92D00CDCA41 /* Build configuration list for PBXProject "Todoey" */;
			compatibilityVersion = "Xcode 14.0";
			developmentRegion = en;
			hasScannedForEncodings = 0;
			knownRegions = (
				en,
				Base,
			);
			mainGroup = 0484B52F2A59C92D00CDCA41;
			productRefGroup = 0484B5392A59C92E00CDCA41 /* Products */;
			projectDirPath = "";
			projectRoot = "";
			targets = (
				0484B5372A59C92E00CDCA41 /* Todoey */,
			);
		};
/* End PBXProject section */

/* Begin PBXResourcesBuildPhase section */
		0484B5362A59C92E00CDCA41 /* Resources */ = {
			isa = PBXResourcesBuildPhase;
			buildActionMask = 2147483647;
			files = (
				0484B5482A59C93200CDCA41 /* LaunchScreen.storyboard in Resources */,
				0484B5452A59C93200CDCA41 /* Assets.xcassets in Resources */,
			);
			runOnlyForDeploymentPostprocessing = 0;
		};
/* End PBXResourcesBuildPhase section */

/* Begin PBXShellScriptBuildPhase section */
		A1C22E7DADAF57A337529917 /* [CP] Embed Pods Frameworks */ = {
			isa = PBXShellScriptBuildPhase;
			buildActionMask = 2147483647;
			files = (
			);
			inputFileListPaths = (
				"${PODS_ROOT}/Target Support Files/Pods-Todoey/Pods-Todoey-frameworks-${CONFIGURATION}-input-files.xcfilelist",
			);
			name = "[CP] Embed Pods Frameworks";
			outputFileListPaths = (
				"${PODS_ROOT}/Target Support Files/Pods-Todoey/Pods-Todoey-frameworks-${CONFIGURATION}-output-files.xcfilelist",
			);
			runOnlyForDeploymentPostprocessing = 0;
			shellPath = /bin/sh;
			shellScript = "\"${PODS_ROOT}/Target Support Files/Pods-Todoey/Pods-Todoey-frameworks.sh\"\n";
			showEnvVarsInLog = 0;
		};
		BBD0115706054166E8841F53 /* [CP] Check Pods Manifest.lock */ = {
			isa = PBXShellScriptBuildPhase;
			buildActionMask = 2147483647;
			files = (
			);
			inputFileListPaths = (
			);
			inputPaths = (
				"${PODS_PODFILE_DIR_PATH}/Podfile.lock",
				"${PODS_ROOT}/Manifest.lock",
			);
			name = "[CP] Check Pods Manifest.lock";
			outputFileListPaths = (
			);
			outputPaths = (
				"$(DERIVED_FILE_DIR)/Pods-Todoey-checkManifestLockResult.txt",
			);
			runOnlyForDeploymentPostprocessing = 0;
			shellPath = /bin/sh;
			shellScript = "diff \"${PODS_PODFILE_DIR_PATH}/Podfile.lock\" \"${PODS_ROOT}/Manifest.lock\" > /dev/null\nif [ $? != 0 ] ; then\n    # print error to STDERR\n    echo \"error: The sandbox is not in sync with the Podfile.lock. Run 'pod install' or update your CocoaPods installation.\" >&2\n    exit 1\nfi\n# This output is used by Xcode 'outputs' to avoid re-running this script phase.\necho \"SUCCESS\" > \"${SCRIPT_OUTPUT_FILE_0}\"\n";
			showEnvVarsInLog = 0;
		};
/* End PBXShellScriptBuildPhase section */

/* Begin PBXSourcesBuildPhase section */
		0484B5342A59C92E00CDCA41 /* Sources */ = {
			isa = PBXSourcesBuildPhase;
			buildActionMask = 2147483647;
			files = (
				047655622A670C840095EA70 /* TodoListViewController.swift in Sources */,
				048F07CC2A7ECCF400893616 /* TodoListCell.swift in Sources */,
				044FA3CF2A852ADA009B941D /* ViewController+.swift in Sources */,
				049D42A22A770F6000DEC1F5 /* DataModel.xcdatamodeld in Sources */,
				0484B53C2A59C92E00CDCA41 /* AppDelegate.swift in Sources */,
				046D88EA2A82AE6D00829062 /* CategoryViewController.swift in Sources */,
				0437BF142A73134D00C67DF6 /* CategoryCell.swift in Sources */,
				0420A38E2A8A96F6002C6B0B /* AlertViewController+.swift in Sources */,
			);
			runOnlyForDeploymentPostprocessing = 0;
		};
/* End PBXSourcesBuildPhase section */

/* Begin PBXVariantGroup section */
		0484B5462A59C93200CDCA41 /* LaunchScreen.storyboard */ = {
			isa = PBXVariantGroup;
			children = (
				0484B5472A59C93200CDCA41 /* Base */,
			);
			name = LaunchScreen.storyboard;
			sourceTree = "<group>";
		};
/* End PBXVariantGroup section */

/* Begin XCBuildConfiguration section */
		0484B54A2A59C93200CDCA41 /* Debug */ = {
			isa = XCBuildConfiguration;
			buildSettings = {
				ALWAYS_SEARCH_USER_PATHS = NO;
				CLANG_ANALYZER_NONNULL = YES;
				CLANG_ANALYZER_NUMBER_OBJECT_CONVERSION = YES_AGGRESSIVE;
				CLANG_CXX_LANGUAGE_STANDARD = "gnu++20";
				CLANG_ENABLE_MODULES = YES;
				CLANG_ENABLE_OBJC_ARC = YES;
				CLANG_ENABLE_OBJC_WEAK = YES;
				CLANG_WARN_BLOCK_CAPTURE_AUTORELEASING = YES;
				CLANG_WARN_BOOL_CONVERSION = YES;
				CLANG_WARN_COMMA = YES;
				CLANG_WARN_CONSTANT_CONVERSION = YES;
				CLANG_WARN_DEPRECATED_OBJC_IMPLEMENTATIONS = YES;
				CLANG_WARN_DIRECT_OBJC_ISA_USAGE = YES_ERROR;
				CLANG_WARN_DOCUMENTATION_COMMENTS = YES;
				CLANG_WARN_EMPTY_BODY = YES;
				CLANG_WARN_ENUM_CONVERSION = YES;
				CLANG_WARN_INFINITE_RECURSION = YES;
				CLANG_WARN_INT_CONVERSION = YES;
				CLANG_WARN_NON_LITERAL_NULL_CONVERSION = YES;
				CLANG_WARN_OBJC_IMPLICIT_RETAIN_SELF = YES;
				CLANG_WARN_OBJC_LITERAL_CONVERSION = YES;
				CLANG_WARN_OBJC_ROOT_CLASS = YES_ERROR;
				CLANG_WARN_QUOTED_INCLUDE_IN_FRAMEWORK_HEADER = YES;
				CLANG_WARN_RANGE_LOOP_ANALYSIS = YES;
				CLANG_WARN_STRICT_PROTOTYPES = YES;
				CLANG_WARN_SUSPICIOUS_MOVE = YES;
				CLANG_WARN_UNGUARDED_AVAILABILITY = YES_AGGRESSIVE;
				CLANG_WARN_UNREACHABLE_CODE = YES;
				CLANG_WARN__DUPLICATE_METHOD_MATCH = YES;
				COPY_PHASE_STRIP = NO;
				DEBUG_INFORMATION_FORMAT = dwarf;
				ENABLE_STRICT_OBJC_MSGSEND = YES;
				ENABLE_TESTABILITY = YES;
				GCC_C_LANGUAGE_STANDARD = gnu11;
				GCC_DYNAMIC_NO_PIC = NO;
				GCC_NO_COMMON_BLOCKS = YES;
				GCC_OPTIMIZATION_LEVEL = 0;
				GCC_PREPROCESSOR_DEFINITIONS = (
					"DEBUG=1",
					"$(inherited)",
				);
				GCC_WARN_64_TO_32_BIT_CONVERSION = YES;
				GCC_WARN_ABOUT_RETURN_TYPE = YES_ERROR;
				GCC_WARN_UNDECLARED_SELECTOR = YES;
				GCC_WARN_UNINITIALIZED_AUTOS = YES_AGGRESSIVE;
				GCC_WARN_UNUSED_FUNCTION = YES;
				GCC_WARN_UNUSED_VARIABLE = YES;
				IPHONEOS_DEPLOYMENT_TARGET = 16.4;
				MTL_ENABLE_DEBUG_INFO = INCLUDE_SOURCE;
				MTL_FAST_MATH = YES;
				ONLY_ACTIVE_ARCH = YES;
				SDKROOT = iphoneos;
				SWIFT_ACTIVE_COMPILATION_CONDITIONS = DEBUG;
				SWIFT_OPTIMIZATION_LEVEL = "-Onone";
			};
			name = Debug;
		};
		0484B54B2A59C93200CDCA41 /* Release */ = {
			isa = XCBuildConfiguration;
			buildSettings = {
				ALWAYS_SEARCH_USER_PATHS = NO;
				CLANG_ANALYZER_NONNULL = YES;
				CLANG_ANALYZER_NUMBER_OBJECT_CONVERSION = YES_AGGRESSIVE;
				CLANG_CXX_LANGUAGE_STANDARD = "gnu++20";
				CLANG_ENABLE_MODULES = YES;
				CLANG_ENABLE_OBJC_ARC = YES;
				CLANG_ENABLE_OBJC_WEAK = YES;
				CLANG_WARN_BLOCK_CAPTURE_AUTORELEASING = YES;
				CLANG_WARN_BOOL_CONVERSION = YES;
				CLANG_WARN_COMMA = YES;
				CLANG_WARN_CONSTANT_CONVERSION = YES;
				CLANG_WARN_DEPRECATED_OBJC_IMPLEMENTATIONS = YES;
				CLANG_WARN_DIRECT_OBJC_ISA_USAGE = YES_ERROR;
				CLANG_WARN_DOCUMENTATION_COMMENTS = YES;
				CLANG_WARN_EMPTY_BODY = YES;
				CLANG_WARN_ENUM_CONVERSION = YES;
				CLANG_WARN_INFINITE_RECURSION = YES;
				CLANG_WARN_INT_CONVERSION = YES;
				CLANG_WARN_NON_LITERAL_NULL_CONVERSION = YES;
				CLANG_WARN_OBJC_IMPLICIT_RETAIN_SELF = YES;
				CLANG_WARN_OBJC_LITERAL_CONVERSION = YES;
				CLANG_WARN_OBJC_ROOT_CLASS = YES_ERROR;
				CLANG_WARN_QUOTED_INCLUDE_IN_FRAMEWORK_HEADER = YES;
				CLANG_WARN_RANGE_LOOP_ANALYSIS = YES;
				CLANG_WARN_STRICT_PROTOTYPES = YES;
				CLANG_WARN_SUSPICIOUS_MOVE = YES;
				CLANG_WARN_UNGUARDED_AVAILABILITY = YES_AGGRESSIVE;
				CLANG_WARN_UNREACHABLE_CODE = YES;
				CLANG_WARN__DUPLICATE_METHOD_MATCH = YES;
				COPY_PHASE_STRIP = NO;
				DEBUG_INFORMATION_FORMAT = "dwarf-with-dsym";
				ENABLE_NS_ASSERTIONS = NO;
				ENABLE_STRICT_OBJC_MSGSEND = YES;
				GCC_C_LANGUAGE_STANDARD = gnu11;
				GCC_NO_COMMON_BLOCKS = YES;
				GCC_WARN_64_TO_32_BIT_CONVERSION = YES;
				GCC_WARN_ABOUT_RETURN_TYPE = YES_ERROR;
				GCC_WARN_UNDECLARED_SELECTOR = YES;
				GCC_WARN_UNINITIALIZED_AUTOS = YES_AGGRESSIVE;
				GCC_WARN_UNUSED_FUNCTION = YES;
				GCC_WARN_UNUSED_VARIABLE = YES;
				IPHONEOS_DEPLOYMENT_TARGET = 16.4;
				MTL_ENABLE_DEBUG_INFO = NO;
				MTL_FAST_MATH = YES;
				SDKROOT = iphoneos;
				SWIFT_COMPILATION_MODE = wholemodule;
				SWIFT_OPTIMIZATION_LEVEL = "-O";
				VALIDATE_PRODUCT = YES;
			};
			name = Release;
		};
		0484B54D2A59C93200CDCA41 /* Debug */ = {
			isa = XCBuildConfiguration;
			baseConfigurationReference = 1B7E4B8773A7A143628341AD /* Pods-Todoey.debug.xcconfig */;
			buildSettings = {
				ASSETCATALOG_COMPILER_APPICON_NAME = AppIcon;
				ASSETCATALOG_COMPILER_GLOBAL_ACCENT_COLOR_NAME = AccentColor;
				CODE_SIGN_STYLE = Automatic;
				CURRENT_PROJECT_VERSION = 1;
				DEVELOPMENT_TEAM = HHLP2Q2CLU;
				GENERATE_INFOPLIST_FILE = YES;
				INFOPLIST_FILE = Todoey/Info.plist;
				INFOPLIST_KEY_UIApplicationSupportsIndirectInputEvents = YES;
				INFOPLIST_KEY_UILaunchStoryboardName = LaunchScreen;
				INFOPLIST_KEY_UIMainStoryboardFile = "";
				INFOPLIST_KEY_UISupportedInterfaceOrientations_iPad = "UIInterfaceOrientationPortrait UIInterfaceOrientationPortraitUpsideDown UIInterfaceOrientationLandscapeLeft UIInterfaceOrientationLandscapeRight";
				INFOPLIST_KEY_UISupportedInterfaceOrientations_iPhone = "UIInterfaceOrientationPortrait UIInterfaceOrientationLandscapeLeft UIInterfaceOrientationLandscapeRight";
				LD_RUNPATH_SEARCH_PATHS = (
					"$(inherited)",
					"@executable_path/Frameworks",
				);
				MARKETING_VERSION = 1.0;
				PRODUCT_BUNDLE_IDENTIFIER = nnnn.Todoey;
				PRODUCT_NAME = "$(TARGET_NAME)";
				SWIFT_EMIT_LOC_STRINGS = YES;
				SWIFT_VERSION = 5.0;
				TARGETED_DEVICE_FAMILY = "1,2";
			};
			name = Debug;
		};
		0484B54E2A59C93200CDCA41 /* Release */ = {
			isa = XCBuildConfiguration;
			baseConfigurationReference = 84AEAA5A11C14EBED22420CE /* Pods-Todoey.release.xcconfig */;
			buildSettings = {
				ASSETCATALOG_COMPILER_APPICON_NAME = AppIcon;
				ASSETCATALOG_COMPILER_GLOBAL_ACCENT_COLOR_NAME = AccentColor;
				CODE_SIGN_STYLE = Automatic;
				CURRENT_PROJECT_VERSION = 1;
				DEVELOPMENT_TEAM = HHLP2Q2CLU;
				GENERATE_INFOPLIST_FILE = YES;
				INFOPLIST_FILE = Todoey/Info.plist;
				INFOPLIST_KEY_UIApplicationSupportsIndirectInputEvents = YES;
				INFOPLIST_KEY_UILaunchStoryboardName = LaunchScreen;
				INFOPLIST_KEY_UIMainStoryboardFile = "";
				INFOPLIST_KEY_UISupportedInterfaceOrientations_iPad = "UIInterfaceOrientationPortrait UIInterfaceOrientationPortraitUpsideDown UIInterfaceOrientationLandscapeLeft UIInterfaceOrientationLandscapeRight";
				INFOPLIST_KEY_UISupportedInterfaceOrientations_iPhone = "UIInterfaceOrientationPortrait UIInterfaceOrientationLandscapeLeft UIInterfaceOrientationLandscapeRight";
				LD_RUNPATH_SEARCH_PATHS = (
					"$(inherited)",
					"@executable_path/Frameworks",
				);
				MARKETING_VERSION = 1.0;
				PRODUCT_BUNDLE_IDENTIFIER = nnnn.Todoey;
				PRODUCT_NAME = "$(TARGET_NAME)";
				SWIFT_EMIT_LOC_STRINGS = YES;
				SWIFT_VERSION = 5.0;
				TARGETED_DEVICE_FAMILY = "1,2";
			};
			name = Release;
		};
/* End XCBuildConfiguration section */

/* Begin XCConfigurationList section */
		0484B5332A59C92D00CDCA41 /* Build configuration list for PBXProject "Todoey" */ = {
			isa = XCConfigurationList;
			buildConfigurations = (
				0484B54A2A59C93200CDCA41 /* Debug */,
				0484B54B2A59C93200CDCA41 /* Release */,
			);
			defaultConfigurationIsVisible = 0;
			defaultConfigurationName = Release;
		};
		0484B54C2A59C93200CDCA41 /* Build configuration list for PBXNativeTarget "Todoey" */ = {
			isa = XCConfigurationList;
			buildConfigurations = (
				0484B54D2A59C93200CDCA41 /* Debug */,
				0484B54E2A59C93200CDCA41 /* Release */,
			);
			defaultConfigurationIsVisible = 0;
			defaultConfigurationName = Release;
		};
/* End XCConfigurationList section */

/* Begin XCVersionGroup section */
		049D42A02A770F6000DEC1F5 /* DataModel.xcdatamodeld */ = {
			isa = XCVersionGroup;
			children = (
				049D42A12A770F6000DEC1F5 /* DataModel.xcdatamodel */,
			);
			currentVersion = 049D42A12A770F6000DEC1F5 /* DataModel.xcdatamodel */;
			path = DataModel.xcdatamodeld;
			sourceTree = "<group>";
			versionGroupType = wrapper.xcdatamodel;
		};
/* End XCVersionGroup section */
	};
	rootObject = 0484B5302A59C92D00CDCA41 /* Project object */;
}
